// !$*UTF8*$!
{
	archiveVersion = 1;
	classes = {
	};
	objectVersion = 56;
	objects = {

/* Begin PBXBuildFile section */
		AA000001 /* HoopApp.swift in Sources */ = {isa = PBXBuildFile; fileRef = AA000011 /* HoopApp.swift */; };
		AA000002 /* AppDelegate.swift in Sources */ = {isa = PBXBuildFile; fileRef = AA000012 /* AppDelegate.swift */; };
		AA000003 /* SettingsView.swift in Sources */ = {isa = PBXBuildFile; fileRef = AA000013 /* SettingsView.swift */; };
		AA000004 /* NotchPanel.swift in Sources */ = {isa = PBXBuildFile; fileRef = AA000015 /* NotchPanel.swift */; };
		AA000005 /* ScreenDetector.swift in Sources */ = {isa = PBXBuildFile; fileRef = AA000016 /* ScreenDetector.swift */; };
		AA000006 /* NotchState.swift in Sources */ = {isa = PBXBuildFile; fileRef = AA000017 /* NotchState.swift */; };
		AA000007 /* NotchWindowManager.swift in Sources */ = {isa = PBXBuildFile; fileRef = AA000018 /* NotchWindowManager.swift */; };
		AA000008 /* NotchRootView.swift in Sources */ = {isa = PBXBuildFile; fileRef = AA000019 /* NotchRootView.swift */; };
		AA00000A /* NotchShape.swift in Sources */ = {isa = PBXBuildFile; fileRef = AA00001A /* NotchShape.swift */; };
		AA00000B /* VisualEffectView.swift in Sources */ = {isa = PBXBuildFile; fileRef = AA00001B /* VisualEffectView.swift */; };
		AA00000C /* MediaService.swift in Sources */ = {isa = PBXBuildFile; fileRef = AA00001C /* MediaService.swift */; };
		AA00000D /* MediaPlayerWidget.swift in Sources */ = {isa = PBXBuildFile; fileRef = AA00001D /* MediaPlayerWidget.swift */; };
		AA00000E /* CollapsedMediaIndicator.swift in Sources */ = {isa = PBXBuildFile; fileRef = AA00001E /* CollapsedMediaIndicator.swift */; };
		AA00000F /* HUDService.swift in Sources */ = {isa = PBXBuildFile; fileRef = AA00001F /* HUDService.swift */; };
		AA000009 /* HUDOverlayView.swift in Sources */ = {isa = PBXBuildFile; fileRef = AA00002F /* HUDOverlayView.swift */; };
		AA000038 /* ContextService.swift in Sources */ = {isa = PBXBuildFile; fileRef = AA000039 /* ContextService.swift */; };
		AA00003B /* ContextRule.swift in Sources */ = {isa = PBXBuildFile; fileRef = AA00003A /* ContextRule.swift */; };
		AA00003D /* FileDropTrayView.swift in Sources */ = {isa = PBXBuildFile; fileRef = AA00003C /* FileDropTrayView.swift */; };
		AA00003F /* DropActionService.swift in Sources */ = {isa = PBXBuildFile; fileRef = AA00003E /* DropActionService.swift */; };
		BB000005 /* PrivacyService.swift in Sources */ = {isa = PBXBuildFile; fileRef = BB000006 /* PrivacyService.swift */; };
		BB000007 /* PrivacyIndicatorView.swift in Sources */ = {isa = PBXBuildFile; fileRef = BB000008 /* PrivacyIndicatorView.swift */; };
		BB000009 /* FocusService.swift in Sources */ = {isa = PBXBuildFile; fileRef = BB00000A /* FocusService.swift */; };
		BB00000B /* CollapsedIndicatorBar.swift in Sources */ = {isa = PBXBuildFile; fileRef = BB00000C /* CollapsedIndicatorBar.swift */; };
		BB00000D /* WidgetProtocol.swift in Sources */ = {isa = PBXBuildFile; fileRef = BB00000E /* WidgetProtocol.swift */; };
		BB00000F /* WidgetRegistry.swift in Sources */ = {isa = PBXBuildFile; fileRef = BB000010 /* WidgetRegistry.swift */; };
		BB000011 /* WidgetDrawerView.swift in Sources */ = {isa = PBXBuildFile; fileRef = BB000012 /* WidgetDrawerView.swift */; };
		BB000013 /* CalendarService.swift in Sources */ = {isa = PBXBuildFile; fileRef = BB000014 /* CalendarService.swift */; };
		BB000015 /* CalendarWidget.swift in Sources */ = {isa = PBXBuildFile; fileRef = BB000016 /* CalendarWidget.swift */; };
		BB000017 /* TimerService.swift in Sources */ = {isa = PBXBuildFile; fileRef = BB000018 /* TimerService.swift */; };
		BB000019 /* TimerWidget.swift in Sources */ = {isa = PBXBuildFile; fileRef = BB00001A /* TimerWidget.swift */; };
		BB00001B /* ClipboardService.swift in Sources */ = {isa = PBXBuildFile; fileRef = BB00001C /* ClipboardService.swift */; };
		BB00001D /* ClipboardWidget.swift in Sources */ = {isa = PBXBuildFile; fileRef = BB00001E /* ClipboardWidget.swift */; };
		BB00001F /* ShortcutsService.swift in Sources */ = {isa = PBXBuildFile; fileRef = BB000020 /* ShortcutsService.swift */; };
		BB000021 /* ShortcutsWidget.swift in Sources */ = {isa = PBXBuildFile; fileRef = BB000022 /* ShortcutsWidget.swift */; };
		BB000023 /* NotesWidget.swift in Sources */ = {isa = PBXBuildFile; fileRef = BB000024 /* NotesWidget.swift */; };
		BB000025 /* ColorPickerWidget.swift in Sources */ = {isa = PBXBuildFile; fileRef = BB000026 /* ColorPickerWidget.swift */; };
		BB000027 /* ConverterWidget.swift in Sources */ = {isa = PBXBuildFile; fileRef = BB000028 /* ConverterWidget.swift */; };
		BB000029 /* WebcamWidget.swift in Sources */ = {isa = PBXBuildFile; fileRef = BB00002A /* WebcamWidget.swift */; };
		BB00002B /* SystemStatsService.swift in Sources */ = {isa = PBXBuildFile; fileRef = BB00002C /* SystemStatsService.swift */; };
		BB00002D /* SystemStatsWidget.swift in Sources */ = {isa = PBXBuildFile; fileRef = BB00002E /* SystemStatsWidget.swift */; };
		BB00002F /* GestureSettings.swift in Sources */ = {isa = PBXBuildFile; fileRef = BB000030 /* GestureSettings.swift */; };
		BB000031 /* CallService.swift in Sources */ = {isa = PBXBuildFile; fileRef = BB000032 /* CallService.swift */; };
		BB000033 /* IncomingCallView.swift in Sources */ = {isa = PBXBuildFile; fileRef = BB000034 /* IncomingCallView.swift */; };
		BB000035 /* AirDropService.swift in Sources */ = {isa = PBXBuildFile; fileRef = BB000036 /* AirDropService.swift */; };
		BB000037 /* AirDropIndicatorView.swift in Sources */ = {isa = PBXBuildFile; fileRef = BB000038 /* AirDropIndicatorView.swift */; };
		BB000039 /* AboutNotchView.swift in Sources */ = {isa = PBXBuildFile; fileRef = BB00003A /* AboutNotchView.swift */; };
		BB00003B /* AlertAccent+UI.swift in Sources */ = {isa = PBXBuildFile; fileRef = BB00003C /* AlertAccent+UI.swift */; };
		BB00004D /* TradingModels.swift in Sources */ = {isa = PBXBuildFile; fileRef = BB00003D /* TradingModels.swift */; };
		BB00004E /* MarketAdapter.swift in Sources */ = {isa = PBXBuildFile; fileRef = BB00003E /* MarketAdapter.swift */; };
		BB00004F /* StartupAnimator.swift in Sources */ = {isa = PBXBuildFile; fileRef = BB00003F /* StartupAnimator.swift */; };
		BB000050 /* SecurityGate.swift in Sources */ = {isa = PBXBuildFile; fileRef = BB000040 /* SecurityGate.swift */; };
		BB000051 /* WebhookServer.swift in Sources */ = {isa = PBXBuildFile; fileRef = BB000041 /* WebhookServer.swift */; };
		BB000052 /* AlertEngine.swift in Sources */ = {isa = PBXBuildFile; fileRef = BB000042 /* AlertEngine.swift */; };
		BB000053 /* BinanceAdapter.swift in Sources */ = {isa = PBXBuildFile; fileRef = BB000043 /* BinanceAdapter.swift */; };
		BB000054 /* BybitAdapter.swift in Sources */ = {isa = PBXBuildFile; fileRef = BB000044 /* BybitAdapter.swift */; };
		BB000055 /* PolymarketAdapter.swift in Sources */ = {isa = PBXBuildFile; fileRef = BB000045 /* PolymarketAdapter.swift */; };
		BB000056 /* KalshiAdapter.swift in Sources */ = {isa = PBXBuildFile; fileRef = BB000046 /* KalshiAdapter.swift */; };
		BB000057 /* AlertToastView.swift in Sources */ = {isa = PBXBuildFile; fileRef = BB000047 /* AlertToastView.swift */; };
		BB000058 /* AlertDetailView.swift in Sources */ = {isa = PBXBuildFile; fileRef = BB000048 /* AlertDetailView.swift */; };
		BB000059 /* NotchAccentGlow.swift in Sources */ = {isa = PBXBuildFile; fileRef = BB000049 /* NotchAccentGlow.swift */; };
		BB00005C /* ClipboardFullView.swift in Sources */ = {isa = PBXBuildFile; fileRef = BB00005D /* ClipboardFullView.swift */; };
		BB00005E /* ClipboardFullWindow.swift in Sources */ = {isa = PBXBuildFile; fileRef = BB00005F /* ClipboardFullWindow.swift */; };
		BB000060 /* Assets.xcassets in Resources */ = {isa = PBXBuildFile; fileRef = BB000061 /* Assets.xcassets */; };
		BB00005A /* EyeScanUnlockView.swift in Sources */ = {isa = PBXBuildFile; fileRef = BB00004A /* EyeScanUnlockView.swift */; };
		BB00005B /* TradingAlertsWidget.swift in Sources */ = {isa = PBXBuildFile; fileRef = BB00004B /* TradingAlertsWidget.swift */; };
		BB000070 /* Fonts in Resources */ = {isa = PBXBuildFile; fileRef = BB000071 /* Fonts */; };
/* End PBXBuildFile section */

/* Begin PBXFileReference section */
		AA000010 /* Hoop.app */ = {isa = PBXFileReference; explicitFileType = wrapper.application; includeInIndex = 0; path = Hoop.app; sourceTree = BUILT_PRODUCTS_DIR; };
		AA000011 /* HoopApp.swift */ = {isa = PBXFileReference; lastKnownFileType = sourcecode.swift; path = HoopApp.swift; sourceTree = "<group>"; };
		AA000012 /* AppDelegate.swift */ = {isa = PBXFileReference; lastKnownFileType = sourcecode.swift; path = AppDelegate.swift; sourceTree = "<group>"; };
		AA000013 /* SettingsView.swift */ = {isa = PBXFileReference; lastKnownFileType = sourcecode.swift; path = SettingsView.swift; sourceTree = "<group>"; };
		AA000014 /* Info.plist */ = {isa = PBXFileReference; lastKnownFileType = text.plist.xml; path = Info.plist; sourceTree = "<group>"; };
		AA000015 /* NotchPanel.swift */ = {isa = PBXFileReference; lastKnownFileType = sourcecode.swift; path = NotchPanel.swift; sourceTree = "<group>"; };
		AA000016 /* ScreenDetector.swift */ = {isa = PBXFileReference; lastKnownFileType = sourcecode.swift; path = ScreenDetector.swift; sourceTree = "<group>"; };
		AA000017 /* NotchState.swift */ = {isa = PBXFileReference; lastKnownFileType = sourcecode.swift; path = NotchState.swift; sourceTree = "<group>"; };
		AA000018 /* NotchWindowManager.swift */ = {isa = PBXFileReference; lastKnownFileType = sourcecode.swift; path = NotchWindowManager.swift; sourceTree = "<group>"; };
		AA000019 /* NotchRootView.swift */ = {isa = PBXFileReference; lastKnownFileType = sourcecode.swift; path = NotchRootView.swift; sourceTree = "<group>"; };
		AA00001A /* NotchShape.swift */ = {isa = PBXFileReference; lastKnownFileType = sourcecode.swift; path = NotchShape.swift; sourceTree = "<group>"; };
		AA00001B /* VisualEffectView.swift */ = {isa = PBXFileReference; lastKnownFileType = sourcecode.swift; path = VisualEffectView.swift; sourceTree = "<group>"; };
		AA00001C /* MediaService.swift */ = {isa = PBXFileReference; lastKnownFileType = sourcecode.swift; path = MediaService.swift; sourceTree = "<group>"; };
		AA00001D /* MediaPlayerWidget.swift */ = {isa = PBXFileReference; lastKnownFileType = sourcecode.swift; path = MediaPlayerWidget.swift; sourceTree = "<group>"; };
		AA00001E /* CollapsedMediaIndicator.swift */ = {isa = PBXFileReference; lastKnownFileType = sourcecode.swift; path = CollapsedMediaIndicator.swift; sourceTree = "<group>"; };
		AA00001F /* HUDService.swift */ = {isa = PBXFileReference; lastKnownFileType = sourcecode.swift; path = HUDService.swift; sourceTree = "<group>"; };
		AA00002F /* HUDOverlayView.swift */ = {isa = PBXFileReference; lastKnownFileType = sourcecode.swift; path = HUDOverlayView.swift; sourceTree = "<group>"; };
		AA000039 /* ContextService.swift */ = {isa = PBXFileReference; lastKnownFileType = sourcecode.swift; path = ContextService.swift; sourceTree = "<group>"; };
		AA00003A /* ContextRule.swift */ = {isa = PBXFileReference; lastKnownFileType = sourcecode.swift; path = ContextRule.swift; sourceTree = "<group>"; };
		AA00003C /* FileDropTrayView.swift */ = {isa = PBXFileReference; lastKnownFileType = sourcecode.swift; path = FileDropTrayView.swift; sourceTree = "<group>"; };
		AA00003E /* DropActionService.swift */ = {isa = PBXFileReference; lastKnownFileType = sourcecode.swift; path = DropActionService.swift; sourceTree = "<group>"; };
		BB000006 /* PrivacyService.swift */ = {isa = PBXFileReference; lastKnownFileType = sourcecode.swift; path = PrivacyService.swift; sourceTree = "<group>"; };
		BB000008 /* PrivacyIndicatorView.swift */ = {isa = PBXFileReference; lastKnownFileType = sourcecode.swift; path = PrivacyIndicatorView.swift; sourceTree = "<group>"; };
		BB00000A /* FocusService.swift */ = {isa = PBXFileReference; lastKnownFileType = sourcecode.swift; path = FocusService.swift; sourceTree = "<group>"; };
		BB00000C /* CollapsedIndicatorBar.swift */ = {isa = PBXFileReference; lastKnownFileType = sourcecode.swift; path = CollapsedIndicatorBar.swift; sourceTree = "<group>"; };
		BB00000E /* WidgetProtocol.swift */ = {isa = PBXFileReference; lastKnownFileType = sourcecode.swift; path = WidgetProtocol.swift; sourceTree = "<group>"; };
		BB000010 /* WidgetRegistry.swift */ = {isa = PBXFileReference; lastKnownFileType = sourcecode.swift; path = WidgetRegistry.swift; sourceTree = "<group>"; };
		BB000012 /* WidgetDrawerView.swift */ = {isa = PBXFileReference; lastKnownFileType = sourcecode.swift; path = WidgetDrawerView.swift; sourceTree = "<group>"; };
		BB000014 /* CalendarService.swift */ = {isa = PBXFileReference; lastKnownFileType = sourcecode.swift; path = CalendarService.swift; sourceTree = "<group>"; };
		BB000016 /* CalendarWidget.swift */ = {isa = PBXFileReference; lastKnownFileType = sourcecode.swift; path = CalendarWidget.swift; sourceTree = "<group>"; };
		BB000018 /* TimerService.swift */ = {isa = PBXFileReference; lastKnownFileType = sourcecode.swift; path = TimerService.swift; sourceTree = "<group>"; };
		BB00001A /* TimerWidget.swift */ = {isa = PBXFileReference; lastKnownFileType = sourcecode.swift; path = TimerWidget.swift; sourceTree = "<group>"; };
		BB00001C /* ClipboardService.swift */ = {isa = PBXFileReference; lastKnownFileType = sourcecode.swift; path = ClipboardService.swift; sourceTree = "<group>"; };
		BB00001E /* ClipboardWidget.swift */ = {isa = PBXFileReference; lastKnownFileType = sourcecode.swift; path = ClipboardWidget.swift; sourceTree = "<group>"; };
		BB000020 /* ShortcutsService.swift */ = {isa = PBXFileReference; lastKnownFileType = sourcecode.swift; path = ShortcutsService.swift; sourceTree = "<group>"; };
		BB000022 /* ShortcutsWidget.swift */ = {isa = PBXFileReference; lastKnownFileType = sourcecode.swift; path = ShortcutsWidget.swift; sourceTree = "<group>"; };
		BB000024 /* NotesWidget.swift */ = {isa = PBXFileReference; lastKnownFileType = sourcecode.swift; path = NotesWidget.swift; sourceTree = "<group>"; };
		BB000026 /* ColorPickerWidget.swift */ = {isa = PBXFileReference; lastKnownFileType = sourcecode.swift; path = ColorPickerWidget.swift; sourceTree = "<group>"; };
		BB000028 /* ConverterWidget.swift */ = {isa = PBXFileReference; lastKnownFileType = sourcecode.swift; path = ConverterWidget.swift; sourceTree = "<group>"; };
		BB00002A /* WebcamWidget.swift */ = {isa = PBXFileReference; lastKnownFileType = sourcecode.swift; path = WebcamWidget.swift; sourceTree = "<group>"; };
		BB00002C /* SystemStatsService.swift */ = {isa = PBXFileReference; lastKnownFileType = sourcecode.swift; path = SystemStatsService.swift; sourceTree = "<group>"; };
		BB00002E /* SystemStatsWidget.swift */ = {isa = PBXFileReference; lastKnownFileType = sourcecode.swift; path = SystemStatsWidget.swift; sourceTree = "<group>"; };
		BB000030 /* GestureSettings.swift */ = {isa = PBXFileReference; lastKnownFileType = sourcecode.swift; path = GestureSettings.swift; sourceTree = "<group>"; };
		BB000032 /* CallService.swift */ = {isa = PBXFileReference; lastKnownFileType = sourcecode.swift; path = CallService.swift; sourceTree = "<group>"; };
		BB000034 /* IncomingCallView.swift */ = {isa = PBXFileReference; lastKnownFileType = sourcecode.swift; path = IncomingCallView.swift; sourceTree = "<group>"; };
		BB000036 /* AirDropService.swift */ = {isa = PBXFileReference; lastKnownFileType = sourcecode.swift; path = AirDropService.swift; sourceTree = "<group>"; };
		BB000038 /* AirDropIndicatorView.swift */ = {isa = PBXFileReference; lastKnownFileType = sourcecode.swift; path = AirDropIndicatorView.swift; sourceTree = "<group>"; };
		BB00003A /* AboutNotchView.swift */ = {isa = PBXFileReference; lastKnownFileType = sourcecode.swift; path = AboutNotchView.swift; sourceTree = "<group>"; };
		BB00003C /* AlertAccent+UI.swift */ = {isa = PBXFileReference; lastKnownFileType = sourcecode.swift; path = "AlertAccent+UI.swift"; sourceTree = "<group>"; };
		BB00003D /* TradingModels.swift */ = {isa = PBXFileReference; lastKnownFileType = sourcecode.swift; path = TradingModels.swift; sourceTree = "<group>"; };
		BB00003E /* MarketAdapter.swift */ = {isa = PBXFileReference; lastKnownFileType = sourcecode.swift; path = MarketAdapter.swift; sourceTree = "<group>"; };
		BB00003F /* StartupAnimator.swift */ = {isa = PBXFileReference; lastKnownFileType = sourcecode.swift; path = StartupAnimator.swift; sourceTree = "<group>"; };
		BB000040 /* SecurityGate.swift */ = {isa = PBXFileReference; lastKnownFileType = sourcecode.swift; path = SecurityGate.swift; sourceTree = "<group>"; };
		BB000041 /* WebhookServer.swift */ = {isa = PBXFileReference; lastKnownFileType = sourcecode.swift; path = WebhookServer.swift; sourceTree = "<group>"; };
		BB000042 /* AlertEngine.swift */ = {isa = PBXFileReference; lastKnownFileType = sourcecode.swift; path = AlertEngine.swift; sourceTree = "<group>"; };
		BB000043 /* BinanceAdapter.swift */ = {isa = PBXFileReference; lastKnownFileType = sourcecode.swift; path = BinanceAdapter.swift; sourceTree = "<group>"; };
		BB000044 /* BybitAdapter.swift */ = {isa = PBXFileReference; lastKnownFileType = sourcecode.swift; path = BybitAdapter.swift; sourceTree = "<group>"; };
		BB000045 /* PolymarketAdapter.swift */ = {isa = PBXFileReference; lastKnownFileType = sourcecode.swift; path = PolymarketAdapter.swift; sourceTree = "<group>"; };
		BB000046 /* KalshiAdapter.swift */ = {isa = PBXFileReference; lastKnownFileType = sourcecode.swift; path = KalshiAdapter.swift; sourceTree = "<group>"; };
		BB000047 /* AlertToastView.swift */ = {isa = PBXFileReference; lastKnownFileType = sourcecode.swift; path = AlertToastView.swift; sourceTree = "<group>"; };
		BB000048 /* AlertDetailView.swift */ = {isa = PBXFileReference; lastKnownFileType = sourcecode.swift; path = AlertDetailView.swift; sourceTree = "<group>"; };
		BB000049 /* NotchAccentGlow.swift */ = {isa = PBXFileReference; lastKnownFileType = sourcecode.swift; path = NotchAccentGlow.swift; sourceTree = "<group>"; };
		BB00005D /* ClipboardFullView.swift */ = {isa = PBXFileReference; lastKnownFileType = sourcecode.swift; path = ClipboardFullView.swift; sourceTree = "<group>"; };
		BB00005F /* ClipboardFullWindow.swift */ = {isa = PBXFileReference; lastKnownFileType = sourcecode.swift; path = ClipboardFullWindow.swift; sourceTree = "<group>"; };
		BB000061 /* Assets.xcassets */ = {isa = PBXFileReference; lastKnownFileType = folder.assetcatalog; path = Assets.xcassets; sourceTree = "<group>"; };
		BB000071 /* Fonts */ = {isa = PBXFileReference; lastKnownFileType = folder; path = Fonts; sourceTree = "<group>"; };
		BB00004A /* EyeScanUnlockView.swift */ = {isa = PBXFileReference; lastKnownFileType = sourcecode.swift; path = EyeScanUnlockView.swift; sourceTree = "<group>"; };
		BB00004B /* TradingAlertsWidget.swift */ = {isa = PBXFileReference; lastKnownFileType = sourcecode.swift; path = TradingAlertsWidget.swift; sourceTree = "<group>"; };
/* End PBXFileReference section */

/* Begin PBXFrameworksBuildPhase section */
		AA000020 /* Frameworks */ = {
			isa = PBXFrameworksBuildPhase;
			buildActionMask = 2147483647;
			files = (
			);
			runOnlyForDeploymentPostprocessing = 0;
		};
/* End PBXFrameworksBuildPhase section */

/* Begin PBXGroup section */
		AA000030 = {
			isa = PBXGroup;
			children = (
				AA000031 /* Hoop */,
				AA000032 /* Products */,
			);
			sourceTree = "<group>";
		};
		AA000031 /* Hoop */ = {
			isa = PBXGroup;
			children = (
				AA000011 /* HoopApp.swift */,
				AA000012 /* AppDelegate.swift */,
				AA000034 /* Window */,
				AA000033 /* Views */,
				AA000035 /* Models */,
				AA000036 /* Services */,
				BB000061 /* Assets.xcassets */,
				BB000071 /* Fonts */,
				AA000014 /* Info.plist */,
			);
			path = Hoop;
			sourceTree = "<group>";
		};
		AA000032 /* Products */ = {
			isa = PBXGroup;
			children = (
				AA000010 /* Hoop.app */,
			);
			name = Products;
			sourceTree = "<group>";
		};
		AA000033 /* Views */ = {
			isa = PBXGroup;
			children = (
				AA000013 /* SettingsView.swift */,
				AA000019 /* NotchRootView.swift */,
				AA00001A /* NotchShape.swift */,
				AA00001B /* VisualEffectView.swift */,
				AA00002F /* HUDOverlayView.swift */,
				AA00003C /* FileDropTrayView.swift */,
				BB00005D /* ClipboardFullView.swift */,
				BB000012 /* WidgetDrawerView.swift */,
				BB000034 /* IncomingCallView.swift */,
				BB000038 /* AirDropIndicatorView.swift */,
				BB00003A /* AboutNotchView.swift */,
				BB00003C /* AlertAccent+UI.swift */,
				BB000047 /* AlertToastView.swift */,
				BB000048 /* AlertDetailView.swift */,
				BB000049 /* NotchAccentGlow.swift */,
				BB00004A /* EyeScanUnlockView.swift */,
				AA000037 /* Widgets */,
			);
			path = Views;
			sourceTree = "<group>";
		};
		AA000037 /* Widgets */ = {
			isa = PBXGroup;
			children = (
				AA00001D /* MediaPlayerWidget.swift */,
				AA00001E /* CollapsedMediaIndicator.swift */,
				BB000008 /* PrivacyIndicatorView.swift */,
				BB00000C /* CollapsedIndicatorBar.swift */,
				BB000016 /* CalendarWidget.swift */,
				BB00001A /* TimerWidget.swift */,
				BB00001E /* ClipboardWidget.swift */,
				BB000022 /* ShortcutsWidget.swift */,
				BB000024 /* NotesWidget.swift */,
				BB000026 /* ColorPickerWidget.swift */,
				BB000028 /* ConverterWidget.swift */,
				BB00002A /* WebcamWidget.swift */,
				BB00002E /* SystemStatsWidget.swift */,
				BB00004B /* TradingAlertsWidget.swift */,
			);
			path = Widgets;
			sourceTree = "<group>";
		};
		AA000034 /* Window */ = {
			isa = PBXGroup;
			children = (
				AA000015 /* NotchPanel.swift */,
				AA000016 /* ScreenDetector.swift */,
				AA000018 /* NotchWindowManager.swift */,
				BB00005F /* ClipboardFullWindow.swift */,
			);
			path = Window;
			sourceTree = "<group>";
		};
		AA000035 /* Models */ = {
			isa = PBXGroup;
			children = (
				AA000017 /* NotchState.swift */,
				AA00003A /* ContextRule.swift */,
				BB00000E /* WidgetProtocol.swift */,
				BB000030 /* GestureSettings.swift */,
				BB00003D /* TradingModels.swift */,
			);
			path = Models;
			sourceTree = "<group>";
		};
		AA000036 /* Services */ = {
			isa = PBXGroup;
			children = (
				AA00001C /* MediaService.swift */,
				AA00001F /* HUDService.swift */,
				AA000039 /* ContextService.swift */,
				AA00003E /* DropActionService.swift */,
				BB000006 /* PrivacyService.swift */,
				BB00000A /* FocusService.swift */,
				BB000010 /* WidgetRegistry.swift */,
				BB000014 /* CalendarService.swift */,
				BB000018 /* TimerService.swift */,
				BB00001C /* ClipboardService.swift */,
				BB000020 /* ShortcutsService.swift */,
				BB00002C /* SystemStatsService.swift */,
				BB000032 /* CallService.swift */,
				BB000036 /* AirDropService.swift */,
				BB00003F /* StartupAnimator.swift */,
				BB000040 /* SecurityGate.swift */,
				BB000041 /* WebhookServer.swift */,
				BB000042 /* AlertEngine.swift */,
				BB00004C /* Adapters */,
			);
			path = Services;
			sourceTree = "<group>";
		};
		BB00004C /* Adapters */ = {
			isa = PBXGroup;
			children = (
				BB00003E /* MarketAdapter.swift */,
				BB000043 /* BinanceAdapter.swift */,
				BB000044 /* BybitAdapter.swift */,
				BB000045 /* PolymarketAdapter.swift */,
				BB000046 /* KalshiAdapter.swift */,
			);
			path = Adapters;
			sourceTree = "<group>";
		};
/* End PBXGroup section */

/* Begin PBXNativeTarget section */
		AA000040 /* Hoop */ = {
			isa = PBXNativeTarget;
			buildConfigurationList = AA000060 /* Build configuration list for PBXNativeTarget "Hoop" */;
			buildPhases = (
				AA000041 /* Sources */,
				AA000020 /* Frameworks */,
				AA000042 /* Resources */,
			);
			buildRules = (
			);
			dependencies = (
			);
			name = Hoop;
			productName = Hoop;
			productReference = AA000010 /* Hoop.app */;
			productType = "com.apple.product-type.application";
		};
/* End PBXNativeTarget section */

/* Begin PBXProject section */
		AA000050 /* Project object */ = {
			isa = PBXProject;
			attributes = {
				BuildIndependentTargetsInParallel = 1;
				LastSwiftUpdateCheck = 1540;
				LastUpgradeCheck = 1540;
				TargetAttributes = {
					AA000040 = {
						CreatedOnToolsVersion = 15.4;
					};
				};
			};
			buildConfigurationList = AA000070 /* Build configuration list for PBXProject "Hoop" */;
			compatibilityVersion = "Xcode 14.0";
			developmentRegion = en;
			hasScannedForEncodings = 0;
			knownRegions = (
				en,
				Base,
			);
			mainGroup = AA000030;
			productRefGroup = AA000032 /* Products */;
			projectDirPath = "";
			projectRoot = "";
			targets = (
				AA000040 /* Hoop */,
			);
		};
/* End PBXProject section */

/* Begin PBXResourcesBuildPhase section */
		AA000042 /* Resources */ = {
			isa = PBXResourcesBuildPhase;
			buildActionMask = 2147483647;
			files = (
				BB000060 /* Assets.xcassets in Resources */,
				BB000070 /* Fonts in Resources */,
			);
			runOnlyForDeploymentPostprocessing = 0;
		};
/* End PBXResourcesBuildPhase section */

/* Begin PBXSourcesBuildPhase section */
		AA000041 /* Sources */ = {
			isa = PBXSourcesBuildPhase;
			buildActionMask = 2147483647;
			files = (
				AA000001 /* HoopApp.swift in Sources */,
				AA000002 /* AppDelegate.swift in Sources */,
				AA000003 /* SettingsView.swift in Sources */,
				AA000004 /* NotchPanel.swift in Sources */,
				AA000005 /* ScreenDetector.swift in Sources */,
				AA000006 /* NotchState.swift in Sources */,
				AA000007 /* NotchWindowManager.swift in Sources */,
				AA000008 /* NotchRootView.swift in Sources */,
				AA00000A /* NotchShape.swift in Sources */,
				AA00000B /* VisualEffectView.swift in Sources */,
				AA00000C /* MediaService.swift in Sources */,
				AA00000D /* MediaPlayerWidget.swift in Sources */,
				AA00000E /* CollapsedMediaIndicator.swift in Sources */,
				AA00000F /* HUDService.swift in Sources */,
				AA000009 /* HUDOverlayView.swift in Sources */,
				AA000038 /* ContextService.swift in Sources */,
				AA00003B /* ContextRule.swift in Sources */,
				AA00003D /* FileDropTrayView.swift in Sources */,
				AA00003F /* DropActionService.swift in Sources */,
				BB000005 /* PrivacyService.swift in Sources */,
				BB000007 /* PrivacyIndicatorView.swift in Sources */,
				BB000009 /* FocusService.swift in Sources */,
				BB00000B /* CollapsedIndicatorBar.swift in Sources */,
				BB00000D /* WidgetProtocol.swift in Sources */,
				BB00000F /* WidgetRegistry.swift in Sources */,
				BB000011 /* WidgetDrawerView.swift in Sources */,
				BB000013 /* CalendarService.swift in Sources */,
				BB000015 /* CalendarWidget.swift in Sources */,
				BB000017 /* TimerService.swift in Sources */,
				BB000019 /* TimerWidget.swift in Sources */,
				BB00001B /* ClipboardService.swift in Sources */,
				BB00001D /* ClipboardWidget.swift in Sources */,
				BB00001F /* ShortcutsService.swift in Sources */,
				BB000021 /* ShortcutsWidget.swift in Sources */,
				BB000023 /* NotesWidget.swift in Sources */,
				BB000025 /* ColorPickerWidget.swift in Sources */,
				BB000027 /* ConverterWidget.swift in Sources */,
				BB000029 /* WebcamWidget.swift in Sources */,
				BB00002B /* SystemStatsService.swift in Sources */,
				BB00002D /* SystemStatsWidget.swift in Sources */,
				BB00002F /* GestureSettings.swift in Sources */,
				BB000031 /* CallService.swift in Sources */,
				BB000033 /* IncomingCallView.swift in Sources */,
				BB000035 /* AirDropService.swift in Sources */,
				BB000037 /* AirDropIndicatorView.swift in Sources */,
				BB000039 /* AboutNotchView.swift in Sources */,
				BB00003B /* AlertAccent+UI.swift in Sources */,
				BB00004D /* TradingModels.swift in Sources */,
				BB00004E /* MarketAdapter.swift in Sources */,
				BB00004F /* StartupAnimator.swift in Sources */,
				BB000050 /* SecurityGate.swift in Sources */,
				BB000051 /* WebhookServer.swift in Sources */,
				BB000052 /* AlertEngine.swift in Sources */,
				BB000053 /* BinanceAdapter.swift in Sources */,
				BB000054 /* BybitAdapter.swift in Sources */,
				BB000055 /* PolymarketAdapter.swift in Sources */,
				BB000056 /* KalshiAdapter.swift in Sources */,
				BB000057 /* AlertToastView.swift in Sources */,
				BB000058 /* AlertDetailView.swift in Sources */,
				BB000059 /* NotchAccentGlow.swift in Sources */,
				BB00005A /* EyeScanUnlockView.swift in Sources */,
				BB00005B /* TradingAlertsWidget.swift in Sources */,
				BB00005C /* ClipboardFullView.swift in Sources */,
				BB00005E /* ClipboardFullWindow.swift in Sources */,
			);
			runOnlyForDeploymentPostprocessing = 0;
		};
/* End PBXSourcesBuildPhase section */

/* Begin XCBuildConfiguration section */
		AA000061 /* Debug */ = {
			isa = XCBuildConfiguration;
			buildSettings = {
				ASSETCATALOG_COMPILER_APPICON_NAME = AppIcon;
				CODE_SIGN_ENTITLEMENTS = Hoop/Hoop.entitlements;
				CODE_SIGN_STYLE = Automatic;
				COMBINE_HIDPI_IMAGES = YES;
				CURRENT_PROJECT_VERSION = 1;
				ENABLE_APP_SANDBOX = NO;
				GENERATE_INFOPLIST_FILE = NO;
				INFOPLIST_FILE = Hoop/Info.plist;
				MACOSX_DEPLOYMENT_TARGET = 14.0;
				MARKETING_VERSION = 1.0;
				PRODUCT_BUNDLE_IDENTIFIER = com.hoops.hoop;
				PRODUCT_NAME = "$(TARGET_NAME)";
				SWIFT_EMIT_LOC_STRINGS = YES;
				SWIFT_VERSION = 5.0;
			};
			name = Debug;
		};
		AA000062 /* Release */ = {
			isa = XCBuildConfiguration;
			buildSettings = {
				ASSETCATALOG_COMPILER_APPICON_NAME = AppIcon;
				CODE_SIGN_ENTITLEMENTS = Hoop/Hoop.entitlements;
				CODE_SIGN_STYLE = Automatic;
				COMBINE_HIDPI_IMAGES = YES;
				CURRENT_PROJECT_VERSION = 1;
				ENABLE_APP_SANDBOX = NO;
				GENERATE_INFOPLIST_FILE = NO;
				INFOPLIST_FILE = Hoop/Info.plist;
				MACOSX_DEPLOYMENT_TARGET = 14.0;
				MARKETING_VERSION = 1.0;
				PRODUCT_BUNDLE_IDENTIFIER = com.hoops.hoop;
				PRODUCT_NAME = "$(TARGET_NAME)";
				SWIFT_EMIT_LOC_STRINGS = YES;
				SWIFT_VERSION = 5.0;
			};
			name = Release;
		};
		AA000071 /* Debug */ = {
			isa = XCBuildConfiguration;
			buildSettings = {
				ALWAYS_SEARCH_USER_PATHS = NO;
				CLANG_ANALYZER_NONNULL = YES;
				CLANG_ANALYZER_NUMBER_OBJECT_CONVERSION = YES_AGGRESSIVE;
				CLANG_CXX_LANGUAGE_STANDARD = "gnu++20";
				CLANG_ENABLE_MODULES = YES;
				CLANG_ENABLE_OBJC_ARC = YES;
				CLANG_ENABLE_OBJC_WEAK = YES;
				CLANG_WARN_BLOCK_CAPTURE_AUTORELEASING = YES;
				CLANG_WARN_BOOL_CONVERSION = YES;
				CLANG_WARN_COMMA = YES;
				CLANG_WARN_CONSTANT_CONVERSION = YES;
				CLANG_WARN_DEPRECATED_OBJC_IMPLEMENTATIONS = YES;
				CLANG_WARN_DIRECT_OBJC_ISA_USAGE = YES_ERROR;
				CLANG_WARN_DOCUMENTATION_COMMENTS = YES;
				CLANG_WARN_EMPTY_BODY = YES;
				CLANG_WARN_ENUM_CONVERSION = YES;
				CLANG_WARN_INFINITE_RECURSION = YES;
				CLANG_WARN_INT_CONVERSION = YES;
				CLANG_WARN_NON_LITERAL_NULL_CONVERSION = YES;
				CLANG_WARN_OBJC_IMPLICIT_RETAIN_SELF = YES;
				CLANG_WARN_OBJC_LITERAL_CONVERSION = YES;
				CLANG_WARN_OBJC_ROOT_CLASS = YES_ERROR;
				CLANG_WARN_QUOTED_INCLUDE_IN_FRAMEWORK_HEADER = YES;
				CLANG_WARN_RANGE_LOOP_ANALYSIS = YES;
				CLANG_WARN_STRICT_PROTOTYPES = YES;
				CLANG_WARN_SUSPICIOUS_MOVE = YES;
				CLANG_WARN_UNGUARDED_AVAILABILITY = YES_AGGRESSIVE;
				CLANG_WARN_UNREACHABLE_CODE = YES;
				CLANG_WARN__DUPLICATE_METHOD_MATCH = YES;
				COPY_PHASE_STRIP = NO;
				DEBUG_INFORMATION_FORMAT = dwarf;
				ENABLE_STRICT_OBJC_MSGSEND = YES;
				ENABLE_TESTABILITY = YES;
				GCC_C_LANGUAGE_STANDARD = gnu17;
				GCC_DYNAMIC_NO_PIC = NO;
				GCC_NO_COMMON_BLOCKS = YES;
				GCC_OPTIMIZATION_LEVEL = 0;
				GCC_PREPROCESSOR_DEFINITIONS = (
					"DEBUG=1",
					"$(inherited)",
				);
				GCC_WARN_64_TO_32_BIT_CONVERSION = YES;
				GCC_WARN_ABOUT_RETURN_TYPE = YES_ERROR;
				GCC_WARN_UNDECLARED_SELECTOR = YES;
				GCC_WARN_UNINITIALIZED_AUTOS = YES_AGGRESSIVE;
				GCC_WARN_UNUSED_FUNCTION = YES;
				GCC_WARN_UNUSED_VARIABLE = YES;
				MACOSX_DEPLOYMENT_TARGET = 14.0;
				MTL_ENABLE_DEBUG_INFO = INCLUDE_SOURCE;
				MTL_FAST_MATH = YES;
				ONLY_ACTIVE_ARCH = YES;
				SDKROOT = macosx;
				SWIFT_ACTIVE_COMPILATION_CONDITIONS = "$(inherited) DEBUG";
				SWIFT_OPTIMIZATION_LEVEL = "-Onone";
			};
			name = Debug;
		};
		AA000072 /* Release */ = {
			isa = XCBuildConfiguration;
			buildSettings = {
				ALWAYS_SEARCH_USER_PATHS = NO;
				CLANG_ANALYZER_NONNULL = YES;
				CLANG_ANALYZER_NUMBER_OBJECT_CONVERSION = YES_AGGRESSIVE;
				CLANG_CXX_LANGUAGE_STANDARD = "gnu++20";
				CLANG_ENABLE_MODULES = YES;
				CLANG_ENABLE_OBJC_ARC = YES;
				CLANG_ENABLE_OBJC_WEAK = YES;
				CLANG_WARN_BLOCK_CAPTURE_AUTORELEASING = YES;
				CLANG_WARN_BOOL_CONVERSION = YES;
				CLANG_WARN_COMMA = YES;
				CLANG_WARN_CONSTANT_CONVERSION = YES;
				CLANG_WARN_DEPRECATED_OBJC_IMPLEMENTATIONS = YES;
				CLANG_WARN_DIRECT_OBJC_ISA_USAGE = YES_ERROR;
				CLANG_WARN_DOCUMENTATION_COMMENTS = YES;
				CLANG_WARN_EMPTY_BODY = YES;
				CLANG_WARN_ENUM_CONVERSION = YES;
				CLANG_WARN_INFINITE_RECURSION = YES;
				CLANG_WARN_INT_CONVERSION = YES;
				CLANG_WARN_NON_LITERAL_NULL_CONVERSION = YES;
				CLANG_WARN_OBJC_IMPLICIT_RETAIN_SELF = YES;
				CLANG_WARN_OBJC_LITERAL_CONVERSION = YES;
				CLANG_WARN_OBJC_ROOT_CLASS = YES_ERROR;
				CLANG_WARN_QUOTED_INCLUDE_IN_FRAMEWORK_HEADER = YES;
				CLANG_WARN_RANGE_LOOP_ANALYSIS = YES;
				CLANG_WARN_STRICT_PROTOTYPES = YES;
				CLANG_WARN_SUSPICIOUS_MOVE = YES;
				CLANG_WARN_UNGUARDED_AVAILABILITY = YES_AGGRESSIVE;
				CLANG_WARN_UNREACHABLE_CODE = YES;
				CLANG_WARN__DUPLICATE_METHOD_MATCH = YES;
				COPY_PHASE_STRIP = NO;
				DEBUG_INFORMATION_FORMAT = "dwarf-with-dsym";
				ENABLE_NS_ASSERTIONS = NO;
				ENABLE_STRICT_OBJC_MSGSEND = YES;
				GCC_C_LANGUAGE_STANDARD = gnu17;
				GCC_NO_COMMON_BLOCKS = YES;
				GCC_WARN_64_TO_32_BIT_CONVERSION = YES;
				GCC_WARN_ABOUT_RETURN_TYPE = YES_ERROR;
				GCC_WARN_UNDECLARED_SELECTOR = YES;
				GCC_WARN_UNINITIALIZED_AUTOS = YES_AGGRESSIVE;
				GCC_WARN_UNUSED_FUNCTION = YES;
				GCC_WARN_UNUSED_VARIABLE = YES;
				MACOSX_DEPLOYMENT_TARGET = 14.0;
				MTL_ENABLE_DEBUG_INFO = NO;
				MTL_FAST_MATH = YES;
				SDKROOT = macosx;
				SWIFT_COMPILATION_MODE = wholemodule;
			};
			name = Release;
		};
/* End XCBuildConfiguration section */

/* Begin XCConfigurationList section */
		AA000060 /* Build configuration list for PBXNativeTarget "Hoop" */ = {
			isa = XCConfigurationList;
			buildConfigurations = (
				AA000061 /* Debug */,
				AA000062 /* Release */,
			);
			defaultConfigurationIsVisible = 0;
			defaultConfigurationName = Release;
		};
		AA000070 /* Build configuration list for PBXProject "Hoop" */ = {
			isa = XCConfigurationList;
			buildConfigurations = (
				AA000071 /* Debug */,
				AA000072 /* Release */,
			);
			defaultConfigurationIsVisible = 0;
			defaultConfigurationName = Release;
		};
/* End XCConfigurationList section */

	};
	rootObject = AA000050 /* Project object */;
}
